{
  "name": "capacitor",
  "lockfileVersion": 3,
  "requires": true,
  "packages": {
    "": {
      "dependencies": {
        "@capacitor/device": "^6.0.0",
        "@capacitor/network": "^6.0.0"
      }
    },
    "node_modules/@capacitor/core": {
      "version": "6.0.0",
      "resolved": "https://artifactory.intranet.opt/artifactory/api/npm/npm/@capacitor/core/-/core-6.0.0.tgz",
      "integrity": "sha512-NvxIQsJcMiIV+Le1DilR2GGyQQbDInfXK1UywGROQ5mycdFlW5XoAPZ+MKnFGB123RoEgE3uhDGgwTXUmSlX9A==",
      "peer": true,
      "dependencies": {
        "tslib": "^2.1.0"
      }
    },
    "node_modules/@capacitor/device": {
      "version": "6.0.0",
      "resolved": "https://artifactory.intranet.opt/artifactory/api/npm/npm/@capacitor/device/-/device-6.0.0.tgz",
      "integrity": "sha512-3cV4XcH9pTWcstecyr8rNBQvFCsxYugJdPetk898airCbV1bqZSGF2YLSoPQj4BiDITSlNgwABNwNYMCNzs/gw==",
      "peerDependencies": {
        "@capacitor/core": "^6.0.0"
      }
    },
    "node_modules/@capacitor/network": {
      "version": "6.0.0",
      "resolved": "https://artifactory.intranet.opt/artifactory/api/npm/npm/@capacitor/network/-/network-6.0.0.tgz",
      "integrity": "sha512-igGbz3VZuchnfQ/kSFxMsQjLGvKYmEKYzK5RD5S7leLaoBox0B3ueW04yRI2HcGC+PSIo9F52qDL8J6qb1N0vg==",
      "peerDependencies": {
        "@capacitor/core": "^6.0.0"
      }
    },
    "node_modules/tslib": {
      "version": "2.6.2",
      "resolved": "https://artifactory.intranet.opt/artifactory/api/npm/npm/tslib/-/tslib-2.6.2.tgz",
      "integrity": "sha512-AEYxH93jGFPn/a2iVAwW87VuUIkR1FVUKB77NwMF7nBTDkDrrT/Hpt/IrCJ0QXhW27jTBDcf5ZY7w6RiqTMw2Q==",
      "peer": true
    }
  }
}
